// !$*UTF8*$!
{
	archiveVersion = 1;
	classes = {
	};
	objectVersion = 55;
	objects = {

/* Begin PBXBuildFile section */
		DF60164027333E4400CE47ED /* users2.swift in Sources */ = {isa = PBXBuildFile; fileRef = DF60163F27333E4400CE47ED /* users2.swift */; };
		DF60164127333E4400CE47ED /* users2.swift in Sources */ = {isa = PBXBuildFile; fileRef = DF60163F27333E4400CE47ED /* users2.swift */; };
		DF601643273391E600CE47ED /* CircleImage.swift in Sources */ = {isa = PBXBuildFile; fileRef = DF601642273391E600CE47ED /* CircleImage.swift */; };
		DF601644273391E600CE47ED /* CircleImage.swift in Sources */ = {isa = PBXBuildFile; fileRef = DF601642273391E600CE47ED /* CircleImage.swift */; };
		DFD5B2F1272C7C5100378B78 /* jsonApp.swift in Sources */ = {isa = PBXBuildFile; fileRef = DFD5B2C9272C7C5000378B78 /* jsonApp.swift */; };
		DFD5B2F2272C7C5100378B78 /* jsonApp.swift in Sources */ = {isa = PBXBuildFile; fileRef = DFD5B2C9272C7C5000378B78 /* jsonApp.swift */; };
		DFD5B2F3272C7C5100378B78 /* ContentView.swift in Sources */ = {isa = PBXBuildFile; fileRef = DFD5B2CA272C7C5000378B78 /* ContentView.swift */; };
		DFD5B2F4272C7C5100378B78 /* ContentView.swift in Sources */ = {isa = PBXBuildFile; fileRef = DFD5B2CA272C7C5000378B78 /* ContentView.swift */; };
		DFD5B2F5272C7C5100378B78 /* Assets.xcassets in Resources */ = {isa = PBXBuildFile; fileRef = DFD5B2CB272C7C5100378B78 /* Assets.xcassets */; };
		DFD5B2F6272C7C5100378B78 /* Assets.xcassets in Resources */ = {isa = PBXBuildFile; fileRef = DFD5B2CB272C7C5100378B78 /* Assets.xcassets */; };
		DFD5B306272C7CA300378B78 /* users.swift in Sources */ = {isa = PBXBuildFile; fileRef = DFD5B305272C7CA300378B78 /* users.swift */; };
		DFD5B307272C7CA300378B78 /* users.swift in Sources */ = {isa = PBXBuildFile; fileRef = DFD5B305272C7CA300378B78 /* users.swift */; };
		DFD5B30D272C8B3700378B78 /* userdata.json in Resources */ = {isa = PBXBuildFile; fileRef = DFD5B30C272C8B3700378B78 /* userdata.json */; };
		DFD5B30E272C8B3700378B78 /* userdata.json in Resources */ = {isa = PBXBuildFile; fileRef = DFD5B30C272C8B3700378B78 /* userdata.json */; };
/* End PBXBuildFile section */

/* Begin PBXFileReference section */
		DF60163F27333E4400CE47ED /* users2.swift */ = {isa = PBXFileReference; lastKnownFileType = sourcecode.swift; path = users2.swift; sourceTree = "<group>"; };
		DF601642273391E600CE47ED /* CircleImage.swift */ = {isa = PBXFileReference; lastKnownFileType = sourcecode.swift; path = CircleImage.swift; sourceTree = "<group>"; };
		DFD5B2C9272C7C5000378B78 /* jsonApp.swift */ = {isa = PBXFileReference; lastKnownFileType = sourcecode.swift; path = jsonApp.swift; sourceTree = "<group>"; };
		DFD5B2CA272C7C5000378B78 /* ContentView.swift */ = {isa = PBXFileReference; lastKnownFileType = sourcecode.swift; path = ContentView.swift; sourceTree = "<group>"; };
		DFD5B2CB272C7C5100378B78 /* Assets.xcassets */ = {isa = PBXFileReference; lastKnownFileType = folder.assetcatalog; path = Assets.xcassets; sourceTree = "<group>"; };
		DFD5B2D0272C7C5100378B78 /* json.app */ = {isa = PBXFileReference; explicitFileType = wrapper.application; includeInIndex = 0; path = json.app; sourceTree = BUILT_PRODUCTS_DIR; };
		DFD5B2D6272C7C5100378B78 /* json.app */ = {isa = PBXFileReference; explicitFileType = wrapper.application; includeInIndex = 0; path = json.app; sourceTree = BUILT_PRODUCTS_DIR; };
		DFD5B2D8272C7C5100378B78 /* macOS.entitlements */ = {isa = PBXFileReference; lastKnownFileType = text.plist.entitlements; path = macOS.entitlements; sourceTree = "<group>"; };
		DFD5B305272C7CA300378B78 /* users.swift */ = {isa = PBXFileReference; lastKnownFileType = sourcecode.swift; path = users.swift; sourceTree = "<group>"; };
		DFD5B30C272C8B3700378B78 /* userdata.json */ = {isa = PBXFileReference; lastKnownFileType = text.json; path = userdata.json; sourceTree = "<group>"; };
/* End PBXFileReference section */

/* Begin PBXFrameworksBuildPhase section */
		DFD5B2CD272C7C5100378B78 /* Frameworks */ = {
			isa = PBXFrameworksBuildPhase;
			buildActionMask = 2147483647;
			files = (
			);
			runOnlyForDeploymentPostprocessing = 0;
		};
		DFD5B2D3272C7C5100378B78 /* Frameworks */ = {
			isa = PBXFrameworksBuildPhase;
			buildActionMask = 2147483647;
			files = (
			);
			runOnlyForDeploymentPostprocessing = 0;
		};
/* End PBXFrameworksBuildPhase section */

/* Begin PBXGroup section */
		DFD5B2C3272C7C5000378B78 = {
			isa = PBXGroup;
			children = (
				DFD5B2C8272C7C5000378B78 /* Shared */,
				DFD5B2D7272C7C5100378B78 /* macOS */,
				DFD5B2D1272C7C5100378B78 /* Products */,
			);
			sourceTree = "<group>";
		};
		DFD5B2C8272C7C5000378B78 /* Shared */ = {
			isa = PBXGroup;
			children = (
				DFD5B2C9272C7C5000378B78 /* jsonApp.swift */,
				DFD5B2CA272C7C5000378B78 /* ContentView.swift */,
				DFD5B2CB272C7C5100378B78 /* Assets.xcassets */,
				DFD5B305272C7CA300378B78 /* users.swift */,
				DFD5B30C272C8B3700378B78 /* userdata.json */,
				DF60163F27333E4400CE47ED /* users2.swift */,
				DF601642273391E600CE47ED /* CircleImage.swift */,
			);
			path = Shared;
			sourceTree = "<group>";
		};
		DFD5B2D1272C7C5100378B78 /* Products */ = {
			isa = PBXGroup;
			children = (
				DFD5B2D0272C7C5100378B78 /* json.app */,
				DFD5B2D6272C7C5100378B78 /* json.app */,
			);
			name = Products;
			sourceTree = "<group>";
		};
		DFD5B2D7272C7C5100378B78 /* macOS */ = {
			isa = PBXGroup;
			children = (
				DFD5B2D8272C7C5100378B78 /* macOS.entitlements */,
			);
			path = macOS;
			sourceTree = "<group>";
		};
/* End PBXGroup section */

/* Begin PBXNativeTarget section */
		DFD5B2CF272C7C5100378B78 /* json (iOS) */ = {
			isa = PBXNativeTarget;
			buildConfigurationList = DFD5B2F9272C7C5100378B78 /* Build configuration list for PBXNativeTarget "json (iOS)" */;
			buildPhases = (
				DFD5B2CC272C7C5100378B78 /* Sources */,
				DFD5B2CD272C7C5100378B78 /* Frameworks */,
				DFD5B2CE272C7C5100378B78 /* Resources */,
			);
			buildRules = (
			);
			dependencies = (
			);
			name = "json (iOS)";
			productName = "json (iOS)";
			productReference = DFD5B2D0272C7C5100378B78 /* json.app */;
			productType = "com.apple.product-type.application";
		};
		DFD5B2D5272C7C5100378B78 /* json (macOS) */ = {
			isa = PBXNativeTarget;
			buildConfigurationList = DFD5B2FC272C7C5100378B78 /* Build configuration list for PBXNativeTarget "json (macOS)" */;
			buildPhases = (
				DFD5B2D2272C7C5100378B78 /* Sources */,
				DFD5B2D3272C7C5100378B78 /* Frameworks */,
				DFD5B2D4272C7C5100378B78 /* Resources */,
			);
			buildRules = (
			);
			dependencies = (
			);
			name = "json (macOS)";
			productName = "json (macOS)";
			productReference = DFD5B2D6272C7C5100378B78 /* json.app */;
			productType = "com.apple.product-type.application";
		};
/* End PBXNativeTarget section */

/* Begin PBXProject section */
		DFD5B2C4272C7C5000378B78 /* Project object */ = {
			isa = PBXProject;
			attributes = {
				BuildIndependentTargetsInParallel = 1;
				LastSwiftUpdateCheck = 1310;
				LastUpgradeCheck = 1310;
				TargetAttributes = {
					DFD5B2CF272C7C5100378B78 = {
						CreatedOnToolsVersion = 13.1;
					};
					DFD5B2D5272C7C5100378B78 = {
						CreatedOnToolsVersion = 13.1;
					};
				};
			};
			buildConfigurationList = DFD5B2C7272C7C5000378B78 /* Build configuration list for PBXProject "json" */;
			compatibilityVersion = "Xcode 13.0";
			developmentRegion = en;
			hasScannedForEncodings = 0;
			knownRegions = (
				en,
				Base,
			);
			mainGroup = DFD5B2C3272C7C5000378B78;
			productRefGroup = DFD5B2D1272C7C5100378B78 /* Products */;
			projectDirPath = "";
			projectRoot = "";
			targets = (
				DFD5B2CF272C7C5100378B78 /* json (iOS) */,
				DFD5B2D5272C7C5100378B78 /* json (macOS) */,
			);
		};
/* End PBXProject section */

/* Begin PBXResourcesBuildPhase section */
		DFD5B2CE272C7C5100378B78 /* Resources */ = {
			isa = PBXResourcesBuildPhase;
			buildActionMask = 2147483647;
			files = (
				DFD5B30D272C8B3700378B78 /* userdata.json in Resources */,
				DFD5B2F5272C7C5100378B78 /* Assets.xcassets in Resources */,
			);
			runOnlyForDeploymentPostprocessing = 0;
		};
		DFD5B2D4272C7C5100378B78 /* Resources */ = {
			isa = PBXResourcesBuildPhase;
			buildActionMask = 2147483647;
			files = (
				DFD5B30E272C8B3700378B78 /* userdata.json in Resources */,
				DFD5B2F6272C7C5100378B78 /* Assets.xcassets in Resources */,
			);
			runOnlyForDeploymentPostprocessing = 0;
		};
/* End PBXResourcesBuildPhase section */

/* Begin PBXSourcesBuildPhase section */
		DFD5B2CC272C7C5100378B78 /* Sources */ = {
			isa = PBXSourcesBuildPhase;
			buildActionMask = 2147483647;
			files = (
				DFD5B2F3272C7C5100378B78 /* ContentView.swift in Sources */,
				DF60164027333E4400CE47ED /* users2.swift in Sources */,
				DFD5B306272C7CA300378B78 /* users.swift in Sources */,
				DFD5B2F1272C7C5100378B78 /* jsonApp.swift in Sources */,
				DF601643273391E600CE47ED /* CircleImage.swift in Sources */,
			);
			runOnlyForDeploymentPostprocessing = 0;
		};
		DFD5B2D2272C7C5100378B78 /* Sources */ = {
			isa = PBXSourcesBuildPhase;
			buildActionMask = 2147483647;
			files = (
				DFD5B2F4272C7C5100378B78 /* ContentView.swift in Sources */,
				DF60164127333E4400CE47ED /* users2.swift in Sources */,
				DFD5B307272C7CA300378B78 /* users.swift in Sources */,
				DFD5B2F2272C7C5100378B78 /* jsonApp.swift in Sources */,
				DF601644273391E600CE47ED /* CircleImage.swift in Sources */,
			);
			runOnlyForDeploymentPostprocessing = 0;
		};
/* End PBXSourcesBuildPhase section */

/* Begin XCBuildConfiguration section */
		DFD5B2F7272C7C5100378B78 /* Debug */ = {
			isa = XCBuildConfiguration;
			buildSettings = {
				ALWAYS_SEARCH_USER_PATHS = NO;
				CLANG_ANALYZER_NONNULL = YES;
				CLANG_ANALYZER_NUMBER_OBJECT_CONVERSION = YES_AGGRESSIVE;
				CLANG_CXX_LANGUAGE_STANDARD = "gnu++17";
				CLANG_CXX_LIBRARY = "libc++";
				CLANG_ENABLE_MODULES = YES;
				CLANG_ENABLE_OBJC_ARC = YES;
				CLANG_ENABLE_OBJC_WEAK = YES;
				CLANG_WARN_BLOCK_CAPTURE_AUTORELEASING = YES;
				CLANG_WARN_BOOL_CONVERSION = YES;
				CLANG_WARN_COMMA = YES;
				CLANG_WARN_CONSTANT_CONVERSION = YES;
				CLANG_WARN_DEPRECATED_OBJC_IMPLEMENTATIONS = YES;
				CLANG_WARN_DIRECT_OBJC_ISA_USAGE = YES_ERROR;
				CLANG_WARN_DOCUMENTATION_COMMENTS = YES;
				CLANG_WARN_EMPTY_BODY = YES;
				CLANG_WARN_ENUM_CONVERSION = YES;
				CLANG_WARN_INFINITE_RECURSION = YES;
				CLANG_WARN_INT_CONVERSION = YES;
				CLANG_WARN_NON_LITERAL_NULL_CONVERSION = YES;
				CLANG_WARN_OBJC_IMPLICIT_RETAIN_SELF = YES;
				CLANG_WARN_OBJC_LITERAL_CONVERSION = YES;
				CLANG_WARN_OBJC_ROOT_CLASS = YES_ERROR;
				CLANG_WARN_QUOTED_INCLUDE_IN_FRAMEWORK_HEADER = YES;
				CLANG_WARN_RANGE_LOOP_ANALYSIS = YES;
				CLANG_WARN_STRICT_PROTOTYPES = YES;
				CLANG_WARN_SUSPICIOUS_MOVE = YES;
				CLANG_WARN_UNGUARDED_AVAILABILITY = YES_AGGRESSIVE;
				CLANG_WARN_UNREACHABLE_CODE = YES;
				CLANG_WARN__DUPLICATE_METHOD_MATCH = YES;
				COPY_PHASE_STRIP = NO;
				DEBUG_INFORMATION_FORMAT = dwarf;
				ENABLE_STRICT_OBJC_MSGSEND = YES;
				ENABLE_TESTABILITY = YES;
				GCC_C_LANGUAGE_STANDARD = gnu11;
				GCC_DYNAMIC_NO_PIC = NO;
				GCC_NO_COMMON_BLOCKS = YES;
				GCC_OPTIMIZATION_LEVEL = 0;
				GCC_PREPROCESSOR_DEFINITIONS = (
					"DEBUG=1",
					"$(inherited)",
				);
				GCC_WARN_64_TO_32_BIT_CONVERSION = YES;
				GCC_WARN_ABOUT_RETURN_TYPE = YES_ERROR;
				GCC_WARN_UNDECLARED_SELECTOR = YES;
				GCC_WARN_UNINITIALIZED_AUTOS = YES_AGGRESSIVE;
				GCC_WARN_UNUSED_FUNCTION = YES;
				GCC_WARN_UNUSED_VARIABLE = YES;
				MTL_ENABLE_DEBUG_INFO = INCLUDE_SOURCE;
				MTL_FAST_MATH = YES;
				ONLY_ACTIVE_ARCH = YES;
				SWIFT_ACTIVE_COMPILATION_CONDITIONS = DEBUG;
				SWIFT_OPTIMIZATION_LEVEL = "-Onone";
			};
			name = Debug;
		};
		DFD5B2F8272C7C5100378B78 /* Release */ = {
			isa = XCBuildConfiguration;
			buildSettings = {
				ALWAYS_SEARCH_USER_PATHS = NO;
				CLANG_ANALYZER_NONNULL = YES;
				CLANG_ANALYZER_NUMBER_OBJECT_CONVERSION = YES_AGGRESSIVE;
				CLANG_CXX_LANGUAGE_STANDARD = "gnu++17";
				CLANG_CXX_LIBRARY = "libc++";
				CLANG_ENABLE_MODULES = YES;
				CLANG_ENABLE_OBJC_ARC = YES;
				CLANG_ENABLE_OBJC_WEAK = YES;
				CLANG_WARN_BLOCK_CAPTURE_AUTORELEASING = YES;
				CLANG_WARN_BOOL_CONVERSION = YES;
				CLANG_WARN_COMMA = YES;
				CLANG_WARN_CONSTANT_CONVERSION = YES;
				CLANG_WARN_DEPRECATED_OBJC_IMPLEMENTATIONS = YES;
				CLANG_WARN_DIRECT_OBJC_ISA_USAGE = YES_ERROR;
				CLANG_WARN_DOCUMENTATION_COMMENTS = YES;
				CLANG_WARN_EMPTY_BODY = YES;
				CLANG_WARN_ENUM_CONVERSION = YES;
				CLANG_WARN_INFINITE_RECURSION = YES;
				CLANG_WARN_INT_CONVERSION = YES;
				CLANG_WARN_NON_LITERAL_NULL_CONVERSION = YES;
				CLANG_WARN_OBJC_IMPLICIT_RETAIN_SELF = YES;
				CLANG_WARN_OBJC_LITERAL_CONVERSION = YES;
				CLANG_WARN_OBJC_ROOT_CLASS = YES_ERROR;
				CLANG_WARN_QUOTED_INCLUDE_IN_FRAMEWORK_HEADER = YES;
				CLANG_WARN_RANGE_LOOP_ANALYSIS = YES;
				CLANG_WARN_STRICT_PROTOTYPES = YES;
				CLANG_WARN_SUSPICIOUS_MOVE = YES;
				CLANG_WARN_UNGUARDED_AVAILABILITY = YES_AGGRESSIVE;
				CLANG_WARN_UNREACHABLE_CODE = YES;
				CLANG_WARN__DUPLICATE_METHOD_MATCH = YES;
				COPY_PHASE_STRIP = NO;
				DEBUG_INFORMATION_FORMAT = "dwarf-with-dsym";
				ENABLE_NS_ASSERTIONS = NO;
				ENABLE_STRICT_OBJC_MSGSEND = YES;
				GCC_C_LANGUAGE_STANDARD = gnu11;
				GCC_NO_COMMON_BLOCKS = YES;
				GCC_WARN_64_TO_32_BIT_CONVERSION = YES;
				GCC_WARN_ABOUT_RETURN_TYPE = YES_ERROR;
				GCC_WARN_UNDECLARED_SELECTOR = YES;
				GCC_WARN_UNINITIALIZED_AUTOS = YES_AGGRESSIVE;
				GCC_WARN_UNUSED_FUNCTION = YES;
				GCC_WARN_UNUSED_VARIABLE = YES;
				MTL_ENABLE_DEBUG_INFO = NO;
				MTL_FAST_MATH = YES;
				SWIFT_COMPILATION_MODE = wholemodule;
				SWIFT_OPTIMIZATION_LEVEL = "-O";
			};
			name = Release;
		};
		DFD5B2FA272C7C5100378B78 /* Debug */ = {
			isa = XCBuildConfiguration;
			buildSettings = {
				ASSETCATALOG_COMPILER_APPICON_NAME = AppIcon;
				ASSETCATALOG_COMPILER_GLOBAL_ACCENT_COLOR_NAME = AccentColor;
				CODE_SIGN_STYLE = Automatic;
				CURRENT_PROJECT_VERSION = 1;
				DEVELOPMENT_TEAM = RKF5B8L72N;
				ENABLE_PREVIEWS = YES;
				GENERATE_INFOPLIST_FILE = YES;
				INFOPLIST_KEY_UIApplicationSceneManifest_Generation = YES;
				INFOPLIST_KEY_UIApplicationSupportsIndirectInputEvents = YES;
				INFOPLIST_KEY_UILaunchScreen_Generation = YES;
				INFOPLIST_KEY_UISupportedInterfaceOrientations_iPad = "UIInterfaceOrientationPortrait UIInterfaceOrientationPortraitUpsideDown UIInterfaceOrientationLandscapeLeft UIInterfaceOrientationLandscapeRight";
				INFOPLIST_KEY_UISupportedInterfaceOrientations_iPhone = "UIInterfaceOrientationPortrait UIInterfaceOrientationLandscapeLeft UIInterfaceOrientationLandscapeRight";
				IPHONEOS_DEPLOYMENT_TARGET = 15.0;
				LD_RUNPATH_SEARCH_PATHS = (
					"$(inherited)",
					"@executable_path/Frameworks",
				);
				MARKETING_VERSION = 1.0;
				PRODUCT_BUNDLE_IDENTIFIER = bob.json;
				PRODUCT_NAME = json;
				SDKROOT = iphoneos;
				SWIFT_EMIT_LOC_STRINGS = YES;
				SWIFT_VERSION = 5.0;
				TARGETED_DEVICE_FAMILY = "1,2";
			};
			name = Debug;
		};
		DFD5B2FB272C7C5100378B78 /* Release */ = {
			isa = XCBuildConfiguration;
			buildSettings = {
				ASSETCATALOG_COMPILER_APPICON_NAME = AppIcon;
				ASSETCATALOG_COMPILER_GLOBAL_ACCENT_COLOR_NAME = AccentColor;
				CODE_SIGN_STYLE = Automatic;
				CURRENT_PROJECT_VERSION = 1;
				DEVELOPMENT_TEAM = RKF5B8L72N;
				ENABLE_PREVIEWS = YES;
				GENERATE_INFOPLIST_FILE = YES;
				INFOPLIST_KEY_UIApplicationSceneManifest_Generation = YES;
				INFOPLIST_KEY_UIApplicationSupportsIndirectInputEvents = YES;
				INFOPLIST_KEY_UILaunchScreen_Generation = YES;
				INFOPLIST_KEY_UISupportedInterfaceOrientations_iPad = "UIInterfaceOrientationPortrait UIInterfaceOrientationPortraitUpsideDown UIInterfaceOrientationLandscapeLeft UIInterfaceOrientationLandscapeRight";
				INFOPLIST_KEY_UISupportedInterfaceOrientations_iPhone = "UIInterfaceOrientationPortrait UIInterfaceOrientationLandscapeLeft UIInterfaceOrientationLandscapeRight";
				IPHONEOS_DEPLOYMENT_TARGET = 15.0;
				LD_RUNPATH_SEARCH_PATHS = (
					"$(inherited)",
					"@executable_path/Frameworks",
				);
				MARKETING_VERSION = 1.0;
				PRODUCT_BUNDLE_IDENTIFIER = bob.json;
				PRODUCT_NAME = json;
				SDKROOT = iphoneos;
				SWIFT_EMIT_LOC_STRINGS = YES;
				SWIFT_VERSION = 5.0;
				TARGETED_DEVICE_FAMILY = "1,2";
				VALIDATE_PRODUCT = YES;
			};
			name = Release;
		};
		DFD5B2FD272C7C5100378B78 /* Debug */ = {
			isa = XCBuildConfiguration;
			buildSettings = {
				ASSETCATALOG_COMPILER_APPICON_NAME = AppIcon;
				ASSETCATALOG_COMPILER_GLOBAL_ACCENT_COLOR_NAME = AccentColor;
				CODE_SIGN_ENTITLEMENTS = macOS/macOS.entitlements;
				CODE_SIGN_STYLE = Automatic;
				COMBINE_HIDPI_IMAGES = YES;
				CURRENT_PROJECT_VERSION = 1;
				DEVELOPMENT_TEAM = RKF5B8L72N;
				ENABLE_HARDENED_RUNTIME = YES;
				ENABLE_PREVIEWS = YES;
				GENERATE_INFOPLIST_FILE = YES;
				INFOPLIST_KEY_NSHumanReadableCopyright = "";
				LD_RUNPATH_SEARCH_PATHS = (
					"$(inherited)",
					"@executable_path/../Frameworks",
				);
				MACOSX_DEPLOYMENT_TARGET = 12.0;
				MARKETING_VERSION = 1.0;
				PRODUCT_BUNDLE_IDENTIFIER = bob.json;
				PRODUCT_NAME = json;
				SDKROOT = macosx;
				SWIFT_EMIT_LOC_STRINGS = YES;
				SWIFT_VERSION = 5.0;
			};
			name = Debug;
		};
		DFD5B2FE272C7C5100378B78 /* Release */ = {
			isa = XCBuildConfiguration;
			buildSettings = {
				ASSETCATALOG_COMPILER_APPICON_NAME = AppIcon;
				ASSETCATALOG_COMPILER_GLOBAL_ACCENT_COLOR_NAME = AccentColor;
				CODE_SIGN_ENTITLEMENTS = macOS/macOS.entitlements;
				CODE_SIGN_STYLE = Automatic;
				COMBINE_HIDPI_IMAGES = YES;
				CURRENT_PROJECT_VERSION = 1;
				DEVELOPMENT_TEAM = RKF5B8L72N;
				ENABLE_HARDENED_RUNTIME = YES;
				ENABLE_PREVIEWS = YES;
				GENERATE_INFOPLIST_FILE = YES;
				INFOPLIST_KEY_NSHumanReadableCopyright = "";
				LD_RUNPATH_SEARCH_PATHS = (
					"$(inherited)",
					"@executable_path/../Frameworks",
				);
				MACOSX_DEPLOYMENT_TARGET = 12.0;
				MARKETING_VERSION = 1.0;
				PRODUCT_BUNDLE_IDENTIFIER = bob.json;
				PRODUCT_NAME = json;
				SDKROOT = macosx;
				SWIFT_EMIT_LOC_STRINGS = YES;
				SWIFT_VERSION = 5.0;
			};
			name = Release;
		};
/* End XCBuildConfiguration section */

/* Begin XCConfigurationList section */
		DFD5B2C7272C7C5000378B78 /* Build configuration list for PBXProject "json" */ = {
			isa = XCConfigurationList;
			buildConfigurations = (
				DFD5B2F7272C7C5100378B78 /* Debug */,
				DFD5B2F8272C7C5100378B78 /* Release */,
			);
			defaultConfigurationIsVisible = 0;
			defaultConfigurationName = Release;
		};
		DFD5B2F9272C7C5100378B78 /* Build configuration list for PBXNativeTarget "json (iOS)" */ = {
			isa = XCConfigurationList;
			buildConfigurations = (
				DFD5B2FA272C7C5100378B78 /* Debug */,
				DFD5B2FB272C7C5100378B78 /* Release */,
			);
			defaultConfigurationIsVisible = 0;
			defaultConfigurationName = Release;
		};
		DFD5B2FC272C7C5100378B78 /* Build configuration list for PBXNativeTarget "json (macOS)" */ = {
			isa = XCConfigurationList;
			buildConfigurations = (
				DFD5B2FD272C7C5100378B78 /* Debug */,
				DFD5B2FE272C7C5100378B78 /* Release */,
			);
			defaultConfigurationIsVisible = 0;
			defaultConfigurationName = Release;
		};
/* End XCConfigurationList section */
	};
	rootObject = DFD5B2C4272C7C5000378B78 /* Project object */;
}
